{
  "name": "template-external",
  "version": "1.0.0",
  "lockfileVersion": 1,
  "requires": true,
  "dependencies": {
    "reveal_external": {
      "version": "1.3.0",
      "resolved": "https://npm.vip.global.square/reveal_external/-/reveal_external-1.3.0.tgz",
      "integrity": "sha512-55RWavFwNjTYYlLkxVH4+P4VngoaN2qvoW69p1aHvS7Az47oehRlb2zetuUeYsAaiNFgjwWw07EODRxGgKXkYA=="
    }
  }
}
